
Microsoft Visual Studio Solution File, Format Version 12.00
# Visual Studio Version 16
VisualStudioVersion = 16.0.32510.428
MinimumVisualStudioVersion = 10.0.40219.1
Project("{8BC9CEB8-8B4A-11D0-8D11-00A0C91BC942}") = "MyFirstDriver", "MyFirstDriver\MyFirstDriver.vcxproj", "{8DE178AF-24A1-43DE-BD06-845616E03DDC}"
EndProject
Project("{8BC9CEB8-8B4A-11D0-8D11-00A0C91BC942}") = "DriverController", "DriverController\DriverController.vcxproj", "{D8F71A7D-6ED2-40FA-9B25-BB0934229958}"
	ProjectSection(ProjectDependencies) = postProject
		{8DE178AF-24A1-43DE-BD06-845616E03DDC} = {8DE178AF-24A1-43DE-BD06-845616E03DDC}
	EndProjectSection
EndProject
Project("{2150E333-8FDC-42A3-9474-1A3956D46DE8}") = "Shared", "Shared", "{9E5AA7D3-4F40-467C-9982-BD32C82FA4C3}"
	ProjectSection(SolutionItems) = preProject
		Shared\macros.h = Shared\macros.h
		Shared\message.h = Shared\message.h
	EndProjectSection
EndProject
Global
	GlobalSection(SolutionConfigurationPlatforms) = preSolution
		Debug|ARM = Debug|ARM
		Debug|ARM64 = Debug|ARM64
		Debug|x64 = Debug|x64
		Debug|x86 = Debug|x86
		Release|ARM = Release|ARM
		Release|ARM64 = Release|ARM64
		Release|x64 = Release|x64
		Release|x86 = Release|x86
	EndGlobalSection
	GlobalSection(ProjectConfigurationPlatforms) = postSolution
		{8DE178AF-24A1-43DE-BD06-845616E03DDC}.Debug|ARM.ActiveCfg = Debug|ARM
		{8DE178AF-24A1-43DE-BD06-845616E03DDC}.Debug|ARM.Build.0 = Debug|ARM
		{8DE178AF-24A1-43DE-BD06-845616E03DDC}.Debug|ARM.Deploy.0 = Debug|ARM
		{8DE178AF-24A1-43DE-BD06-845616E03DDC}.Debug|ARM64.ActiveCfg = Debug|ARM64
		{8DE178AF-24A1-43DE-BD06-845616E03DDC}.Debug|ARM64.Build.0 = Debug|ARM64
		{8DE178AF-24A1-43DE-BD06-845616E03DDC}.Debug|ARM64.Deploy.0 = Debug|ARM64
		{8DE178AF-24A1-43DE-BD06-845616E03DDC}.Debug|x64.ActiveCfg = Debug|x64
		{8DE178AF-24A1-43DE-BD06-845616E03DDC}.Debug|x64.Build.0 = Debug|x64
		{8DE178AF-24A1-43DE-BD06-845616E03DDC}.Debug|x64.Deploy.0 = Debug|x64
		{8DE178AF-24A1-43DE-BD06-845616E03DDC}.Debug|x86.ActiveCfg = Debug|Win32
		{8DE178AF-24A1-43DE-BD06-845616E03DDC}.Debug|x86.Build.0 = Debug|Win32
		{8DE178AF-24A1-43DE-BD06-845616E03DDC}.Debug|x86.Deploy.0 = Debug|Win32
		{8DE178AF-24A1-43DE-BD06-845616E03DDC}.Release|ARM.ActiveCfg = Release|ARM
		{8DE178AF-24A1-43DE-BD06-845616E03DDC}.Release|ARM.Build.0 = Release|ARM
		{8DE178AF-24A1-43DE-BD06-845616E03DDC}.Release|ARM.Deploy.0 = Release|ARM
		{8DE178AF-24A1-43DE-BD06-845616E03DDC}.Release|ARM64.ActiveCfg = Release|ARM64
		{8DE178AF-24A1-43DE-BD06-845616E03DDC}.Release|ARM64.Build.0 = Release|ARM64
		{8DE178AF-24A1-43DE-BD06-845616E03DDC}.Release|ARM64.Deploy.0 = Release|ARM64
		{8DE178AF-24A1-43DE-BD06-845616E03DDC}.Release|x64.ActiveCfg = Release|x64
		{8DE178AF-24A1-43DE-BD06-845616E03DDC}.Release|x64.Build.0 = Release|x64
		{8DE178AF-24A1-43DE-BD06-845616E03DDC}.Release|x64.Deploy.0 = Release|x64
		{8DE178AF-24A1-43DE-BD06-845616E03DDC}.Release|x86.ActiveCfg = Release|Win32
		{8DE178AF-24A1-43DE-BD06-845616E03DDC}.Release|x86.Build.0 = Release|Win32
		{8DE178AF-24A1-43DE-BD06-845616E03DDC}.Release|x86.Deploy.0 = Release|Win32
		{D8F71A7D-6ED2-40FA-9B25-BB0934229958}.Debug|ARM.ActiveCfg = Debug|Win32
		{D8F71A7D-6ED2-40FA-9B25-BB0934229958}.Debug|ARM64.ActiveCfg = Debug|Win32
		{D8F71A7D-6ED2-40FA-9B25-BB0934229958}.Debug|x64.ActiveCfg = Debug|x64
		{D8F71A7D-6ED2-40FA-9B25-BB0934229958}.Debug|x64.Build.0 = Debug|x64
		{D8F71A7D-6ED2-40FA-9B25-BB0934229958}.Debug|x86.ActiveCfg = Debug|Win32
		{D8F71A7D-6ED2-40FA-9B25-BB0934229958}.Debug|x86.Build.0 = Debug|Win32
		{D8F71A7D-6ED2-40FA-9B25-BB0934229958}.Release|ARM.ActiveCfg = Release|Win32
		{D8F71A7D-6ED2-40FA-9B25-BB0934229958}.Release|ARM64.ActiveCfg = Release|Win32
		{D8F71A7D-6ED2-40FA-9B25-BB0934229958}.Release|x64.ActiveCfg = Release|x64
		{D8F71A7D-6ED2-40FA-9B25-BB0934229958}.Release|x64.Build.0 = Release|x64
		{D8F71A7D-6ED2-40FA-9B25-BB0934229958}.Release|x86.ActiveCfg = Release|Win32
		{D8F71A7D-6ED2-40FA-9B25-BB0934229958}.Release|x86.Build.0 = Release|Win32
	EndGlobalSection
	GlobalSection(SolutionProperties) = preSolution
		HideSolutionNode = FALSE
	EndGlobalSection
	GlobalSection(ExtensibilityGlobals) = postSolution
		SolutionGuid = {7FEF364C-6E38-4166-BBF0-33E512D2B75A}
	EndGlobalSection
EndGlobal
